
Microsoft Visual Studio Solution File, Format Version 12.00
# Visual Studio Version 16
VisualStudioVersion = 16.0.31112.23
MinimumVisualStudioVersion = 10.0.40219.1
Project("{9A19103F-16F7-4668-BE54-9A1E7A4F7556}") = "FoodTruckFinder", "FoodTruckFinder\FoodTruckFinder.csproj", "{1837E58B-C871-46F3-8EFD-118BAAD83ACD}"
EndProject
Project("{FAE04EC0-301F-11D3-BF4B-00C04F79EFBC}") = "FoodTruckFinder.Tests.Unit", "FoodTruckFinder.Tests.Unit\FoodTruckFinder.Tests.Unit.csproj", "{D2A5304A-5DCB-4945-A5B6-DF30420710A3}"
EndProject
Global
	GlobalSection(SolutionConfigurationPlatforms) = preSolution
		Debug|Any CPU = Debug|Any CPU
		Release|Any CPU = Release|Any CPU
	EndGlobalSection
	GlobalSection(ProjectConfigurationPlatforms) = postSolution
		{1837E58B-C871-46F3-8EFD-118BAAD83ACD}.Debug|Any CPU.ActiveCfg = Debug|Any CPU
		{1837E58B-C871-46F3-8EFD-118BAAD83ACD}.Debug|Any CPU.Build.0 = Debug|Any CPU
		{1837E58B-C871-46F3-8EFD-118BAAD83ACD}.Release|Any CPU.ActiveCfg = Release|Any CPU
		{1837E58B-C871-46F3-8EFD-118BAAD83ACD}.Release|Any CPU.Build.0 = Release|Any CPU
		{D2A5304A-5DCB-4945-A5B6-DF30420710A3}.Debug|Any CPU.ActiveCfg = Debug|Any CPU
		{D2A5304A-5DCB-4945-A5B6-DF30420710A3}.Debug|Any CPU.Build.0 = Debug|Any CPU
		{D2A5304A-5DCB-4945-A5B6-DF30420710A3}.Release|Any CPU.ActiveCfg = Release|Any CPU
		{D2A5304A-5DCB-4945-A5B6-DF30420710A3}.Release|Any CPU.Build.0 = Release|Any CPU
	EndGlobalSection
	GlobalSection(SolutionProperties) = preSolution
		HideSolutionNode = FALSE
	EndGlobalSection
	GlobalSection(ExtensibilityGlobals) = postSolution
		SolutionGuid = {FEEF1236-0578-4DD0-BAA1-F77630A63417}
	EndGlobalSection
EndGlobal
